// !$*UTF8*$!
{
	archiveVersion = 1;
	classes = {
	};
	objectVersion = 46;
	objects = {

/* Begin PBXBuildFile section */
		2DD0DAB41BA21B7E00775F8D /* AppDelegate.swift in Sources */ = {isa = PBXBuildFile; fileRef = 2DD0DAB31BA21B7E00775F8D /* AppDelegate.swift */; };
		2DD0DAB61BA21B7E00775F8D /* GameScene.sks in Resources */ = {isa = PBXBuildFile; fileRef = 2DD0DAB51BA21B7E00775F8D /* GameScene.sks */; };
		2DD0DAB81BA21B7E00775F8D /* GameScene.swift in Sources */ = {isa = PBXBuildFile; fileRef = 2DD0DAB71BA21B7E00775F8D /* GameScene.swift */; };
		2DD0DABA1BA21B7E00775F8D /* GameViewController.swift in Sources */ = {isa = PBXBuildFile; fileRef = 2DD0DAB91BA21B7E00775F8D /* GameViewController.swift */; };
		2DD0DABD1BA21B7E00775F8D /* Main.storyboard in Resources */ = {isa = PBXBuildFile; fileRef = 2DD0DABB1BA21B7E00775F8D /* Main.storyboard */; };
		2DD0DABF1BA21B7E00775F8D /* Images.xcassets in Resources */ = {isa = PBXBuildFile; fileRef = 2DD0DABE1BA21B7E00775F8D /* Images.xcassets */; };
		2DD0DAC21BA21B7E00775F8D /* LaunchScreen.xib in Resources */ = {isa = PBXBuildFile; fileRef = 2DD0DAC01BA21B7E00775F8D /* LaunchScreen.xib */; };
		2DD0DACE1BA21B7E00775F8D /* SnakeTests.swift in Sources */ = {isa = PBXBuildFile; fileRef = 2DD0DACD1BA21B7E00775F8D /* SnakeTests.swift */; };
		2DD0DADC1BA2EDC300775F8D /* Util.swift in Sources */ = {isa = PBXBuildFile; fileRef = 2DD0DADB1BA2EDC300775F8D /* Util.swift */; };
		2DD0DB6A1BA5A79500775F8D /* GameOverScene.swift in Sources */ = {isa = PBXBuildFile; fileRef = 2DD0DB691BA5A79500775F8D /* GameOverScene.swift */; };
		2DD0DB6C1BA5AE4900775F8D /* StartScene.swift in Sources */ = {isa = PBXBuildFile; fileRef = 2DD0DB6B1BA5AE4900775F8D /* StartScene.swift */; };
/* End PBXBuildFile section */

/* Begin PBXContainerItemProxy section */
		2DD0DAC81BA21B7E00775F8D /* PBXContainerItemProxy */ = {
			isa = PBXContainerItemProxy;
			containerPortal = 2DD0DAA61BA21B7E00775F8D /* Project object */;
			proxyType = 1;
			remoteGlobalIDString = 2DD0DAAD1BA21B7E00775F8D;
			remoteInfo = Snake;
		};
/* End PBXContainerItemProxy section */

/* Begin PBXFileReference section */
		2DD0DAAE1BA21B7E00775F8D /* Snake.app */ = {isa = PBXFileReference; explicitFileType = wrapper.application; includeInIndex = 0; path = Snake.app; sourceTree = BUILT_PRODUCTS_DIR; };
		2DD0DAB21BA21B7E00775F8D /* Info.plist */ = {isa = PBXFileReference; lastKnownFileType = text.plist.xml; path = Info.plist; sourceTree = "<group>"; };
		2DD0DAB31BA21B7E00775F8D /* AppDelegate.swift */ = {isa = PBXFileReference; lastKnownFileType = sourcecode.swift; path = AppDelegate.swift; sourceTree = "<group>"; };
		2DD0DAB51BA21B7E00775F8D /* GameScene.sks */ = {isa = PBXFileReference; lastKnownFileType = file.sks; path = GameScene.sks; sourceTree = "<group>"; };
		2DD0DAB71BA21B7E00775F8D /* GameScene.swift */ = {isa = PBXFileReference; lastKnownFileType = sourcecode.swift; path = GameScene.swift; sourceTree = "<group>"; };
		2DD0DAB91BA21B7E00775F8D /* GameViewController.swift */ = {isa = PBXFileReference; lastKnownFileType = sourcecode.swift; path = GameViewController.swift; sourceTree = "<group>"; };
		2DD0DABC1BA21B7E00775F8D /* Base */ = {isa = PBXFileReference; lastKnownFileType = file.storyboard; name = Base; path = Base.lproj/Main.storyboard; sourceTree = "<group>"; };
		2DD0DABE1BA21B7E00775F8D /* Images.xcassets */ = {isa = PBXFileReference; lastKnownFileType = folder.assetcatalog; path = Images.xcassets; sourceTree = "<group>"; };
		2DD0DAC11BA21B7E00775F8D /* Base */ = {isa = PBXFileReference; lastKnownFileType = file.xib; name = Base; path = Base.lproj/LaunchScreen.xib; sourceTree = "<group>"; };
		2DD0DAC71BA21B7E00775F8D /* SnakeTests.xctest */ = {isa = PBXFileReference; explicitFileType = wrapper.cfbundle; includeInIndex = 0; path = SnakeTests.xctest; sourceTree = BUILT_PRODUCTS_DIR; };
		2DD0DACC1BA21B7E00775F8D /* Info.plist */ = {isa = PBXFileReference; lastKnownFileType = text.plist.xml; path = Info.plist; sourceTree = "<group>"; };
		2DD0DACD1BA21B7E00775F8D /* SnakeTests.swift */ = {isa = PBXFileReference; lastKnownFileType = sourcecode.swift; path = SnakeTests.swift; sourceTree = "<group>"; };
		2DD0DADB1BA2EDC300775F8D /* Util.swift */ = {isa = PBXFileReference; fileEncoding = 4; lastKnownFileType = sourcecode.swift; path = Util.swift; sourceTree = "<group>"; };
		2DD0DB691BA5A79500775F8D /* GameOverScene.swift */ = {isa = PBXFileReference; fileEncoding = 4; lastKnownFileType = sourcecode.swift; path = GameOverScene.swift; sourceTree = "<group>"; };
		2DD0DB6B1BA5AE4900775F8D /* StartScene.swift */ = {isa = PBXFileReference; fileEncoding = 4; lastKnownFileType = sourcecode.swift; path = StartScene.swift; sourceTree = "<group>"; };
/* End PBXFileReference section */

/* Begin PBXFrameworksBuildPhase section */
		2DD0DAAB1BA21B7E00775F8D /* Frameworks */ = {
			isa = PBXFrameworksBuildPhase;
			buildActionMask = 2147483647;
			files = (
			);
			runOnlyForDeploymentPostprocessing = 0;
		};
		2DD0DAC41BA21B7E00775F8D /* Frameworks */ = {
			isa = PBXFrameworksBuildPhase;
			buildActionMask = 2147483647;
			files = (
			);
			runOnlyForDeploymentPostprocessing = 0;
		};
/* End PBXFrameworksBuildPhase section */

/* Begin PBXGroup section */
		2DD0DAA51BA21B7E00775F8D = {
			isa = PBXGroup;
			children = (
				2DD0DAB01BA21B7E00775F8D /* Snake */,
				2DD0DACA1BA21B7E00775F8D /* SnakeTests */,
				2DD0DAAF1BA21B7E00775F8D /* Products */,
			);
			sourceTree = "<group>";
		};
		2DD0DAAF1BA21B7E00775F8D /* Products */ = {
			isa = PBXGroup;
			children = (
				2DD0DAAE1BA21B7E00775F8D /* Snake.app */,
				2DD0DAC71BA21B7E00775F8D /* SnakeTests.xctest */,
			);
			name = Products;
			sourceTree = "<group>";
		};
		2DD0DAB01BA21B7E00775F8D /* Snake */ = {
			isa = PBXGroup;
			children = (
				2DD0DAB31BA21B7E00775F8D /* AppDelegate.swift */,
				2DD0DB6B1BA5AE4900775F8D /* StartScene.swift */,
				2DD0DAB51BA21B7E00775F8D /* GameScene.sks */,
				2DD0DAB71BA21B7E00775F8D /* GameScene.swift */,
				2DD0DB691BA5A79500775F8D /* GameOverScene.swift */,
				2DD0DAB91BA21B7E00775F8D /* GameViewController.swift */,
				2DD0DABB1BA21B7E00775F8D /* Main.storyboard */,
				2DD0DABE1BA21B7E00775F8D /* Images.xcassets */,
				2DD0DADB1BA2EDC300775F8D /* Util.swift */,
				2DD0DAC01BA21B7E00775F8D /* LaunchScreen.xib */,
				2DD0DAB11BA21B7E00775F8D /* Supporting Files */,
			);
			path = Snake;
			sourceTree = "<group>";
		};
		2DD0DAB11BA21B7E00775F8D /* Supporting Files */ = {
			isa = PBXGroup;
			children = (
				2DD0DAB21BA21B7E00775F8D /* Info.plist */,
			);
			name = "Supporting Files";
			sourceTree = "<group>";
		};
		2DD0DACA1BA21B7E00775F8D /* SnakeTests */ = {
			isa = PBXGroup;
			children = (
				2DD0DACD1BA21B7E00775F8D /* SnakeTests.swift */,
				2DD0DACB1BA21B7E00775F8D /* Supporting Files */,
			);
			path = SnakeTests;
			sourceTree = "<group>";
		};
		2DD0DACB1BA21B7E00775F8D /* Supporting Files */ = {
			isa = PBXGroup;
			children = (
				2DD0DACC1BA21B7E00775F8D /* Info.plist */,
			);
			name = "Supporting Files";
			sourceTree = "<group>";
		};
/* End PBXGroup section */

/* Begin PBXNativeTarget section */
		2DD0DAAD1BA21B7E00775F8D /* Snake */ = {
			isa = PBXNativeTarget;
			buildConfigurationList = 2DD0DAD11BA21B7E00775F8D /* Build configuration list for PBXNativeTarget "Snake" */;
			buildPhases = (
				2DD0DAAA1BA21B7E00775F8D /* Sources */,
				2DD0DAAB1BA21B7E00775F8D /* Frameworks */,
				2DD0DAAC1BA21B7E00775F8D /* Resources */,
			);
			buildRules = (
			);
			dependencies = (
			);
			name = Snake;
			productName = Snake;
			productReference = 2DD0DAAE1BA21B7E00775F8D /* Snake.app */;
			productType = "com.apple.product-type.application";
		};
		2DD0DAC61BA21B7E00775F8D /* SnakeTests */ = {
			isa = PBXNativeTarget;
			buildConfigurationList = 2DD0DAD41BA21B7E00775F8D /* Build configuration list for PBXNativeTarget "SnakeTests" */;
			buildPhases = (
				2DD0DAC31BA21B7E00775F8D /* Sources */,
				2DD0DAC41BA21B7E00775F8D /* Frameworks */,
				2DD0DAC51BA21B7E00775F8D /* Resources */,
			);
			buildRules = (
			);
			dependencies = (
				2DD0DAC91BA21B7E00775F8D /* PBXTargetDependency */,
			);
			name = SnakeTests;
			productName = SnakeTests;
			productReference = 2DD0DAC71BA21B7E00775F8D /* SnakeTests.xctest */;
			productType = "com.apple.product-type.bundle.unit-test";
		};
/* End PBXNativeTarget section */

/* Begin PBXProject section */
		2DD0DAA61BA21B7E00775F8D /* Project object */ = {
			isa = PBXProject;
			attributes = {
				LastSwiftMigration = 0700;
				LastSwiftUpdateCheck = 0700;
				LastUpgradeCheck = 0700;
				ORGANIZATIONNAME = "Ramy Al Zuhouri";
				TargetAttributes = {
					2DD0DAAD1BA21B7E00775F8D = {
						CreatedOnToolsVersion = 6.4;
					};
					2DD0DAC61BA21B7E00775F8D = {
						CreatedOnToolsVersion = 6.4;
						TestTargetID = 2DD0DAAD1BA21B7E00775F8D;
					};
				};
			};
			buildConfigurationList = 2DD0DAA91BA21B7E00775F8D /* Build configuration list for PBXProject "Snake" */;
			compatibilityVersion = "Xcode 3.2";
			developmentRegion = English;
			hasScannedForEncodings = 0;
			knownRegions = (
				en,
				Base,
			);
			mainGroup = 2DD0DAA51BA21B7E00775F8D;
			productRefGroup = 2DD0DAAF1BA21B7E00775F8D /* Products */;
			projectDirPath = "";
			projectRoot = "";
			targets = (
				2DD0DAAD1BA21B7E00775F8D /* Snake */,
				2DD0DAC61BA21B7E00775F8D /* SnakeTests */,
			);
		};
/* End PBXProject section */

/* Begin PBXResourcesBuildPhase section */
		2DD0DAAC1BA21B7E00775F8D /* Resources */ = {
			isa = PBXResourcesBuildPhase;
			buildActionMask = 2147483647;
			files = (
				2DD0DAC21BA21B7E00775F8D /* LaunchScreen.xib in Resources */,
				2DD0DABF1BA21B7E00775F8D /* Images.xcassets in Resources */,
				2DD0DAB61BA21B7E00775F8D /* GameScene.sks in Resources */,
				2DD0DABD1BA21B7E00775F8D /* Main.storyboard in Resources */,
			);
			runOnlyForDeploymentPostprocessing = 0;
		};
		2DD0DAC51BA21B7E00775F8D /* Resources */ = {
			isa = PBXResourcesBuildPhase;
			buildActionMask = 2147483647;
			files = (
			);
			runOnlyForDeploymentPostprocessing = 0;
		};
/* End PBXResourcesBuildPhase section */

/* Begin PBXSourcesBuildPhase section */
		2DD0DAAA1BA21B7E00775F8D /* Sources */ = {
			isa = PBXSourcesBuildPhase;
			buildActionMask = 2147483647;
			files = (
				2DD0DB6A1BA5A79500775F8D /* GameOverScene.swift in Sources */,
				2DD0DB6C1BA5AE4900775F8D /* StartScene.swift in Sources */,
				2DD0DAB81BA21B7E00775F8D /* GameScene.swift in Sources */,
				2DD0DABA1BA21B7E00775F8D /* GameViewController.swift in Sources */,
				2DD0DAB41BA21B7E00775F8D /* AppDelegate.swift in Sources */,
				2DD0DADC1BA2EDC300775F8D /* Util.swift in Sources */,
			);
			runOnlyForDeploymentPostprocessing = 0;
		};
		2DD0DAC31BA21B7E00775F8D /* Sources */ = {
			isa = PBXSourcesBuildPhase;
			buildActionMask = 2147483647;
			files = (
				2DD0DACE1BA21B7E00775F8D /* SnakeTests.swift in Sources */,
			);
			runOnlyForDeploymentPostprocessing = 0;
		};
/* End PBXSourcesBuildPhase section */

/* Begin PBXTargetDependency section */
		2DD0DAC91BA21B7E00775F8D /* PBXTargetDependency */ = {
			isa = PBXTargetDependency;
			target = 2DD0DAAD1BA21B7E00775F8D /* Snake */;
			targetProxy = 2DD0DAC81BA21B7E00775F8D /* PBXContainerItemProxy */;
		};
/* End PBXTargetDependency section */

/* Begin PBXVariantGroup section */
		2DD0DABB1BA21B7E00775F8D /* Main.storyboard */ = {
			isa = PBXVariantGroup;
			children = (
				2DD0DABC1BA21B7E00775F8D /* Base */,
			);
			name = Main.storyboard;
			sourceTree = "<group>";
		};
		2DD0DAC01BA21B7E00775F8D /* LaunchScreen.xib */ = {
			isa = PBXVariantGroup;
			children = (
				2DD0DAC11BA21B7E00775F8D /* Base */,
			);
			name = LaunchScreen.xib;
			sourceTree = "<group>";
		};
/* End PBXVariantGroup section */

/* Begin XCBuildConfiguration section */
		2DD0DACF1BA21B7E00775F8D /* Debug */ = {
			isa = XCBuildConfiguration;
			buildSettings = {
				ALWAYS_SEARCH_USER_PATHS = NO;
				CLANG_CXX_LANGUAGE_STANDARD = "gnu++0x";
				CLANG_CXX_LIBRARY = "libc++";
				CLANG_ENABLE_MODULES = YES;
				CLANG_ENABLE_OBJC_ARC = YES;
				CLANG_WARN_BOOL_CONVERSION = YES;
				CLANG_WARN_CONSTANT_CONVERSION = YES;
				CLANG_WARN_DIRECT_OBJC_ISA_USAGE = YES_ERROR;
				CLANG_WARN_EMPTY_BODY = YES;
				CLANG_WARN_ENUM_CONVERSION = YES;
				CLANG_WARN_INT_CONVERSION = YES;
				CLANG_WARN_OBJC_ROOT_CLASS = YES_ERROR;
				CLANG_WARN_UNREACHABLE_CODE = YES;
				CLANG_WARN__DUPLICATE_METHOD_MATCH = YES;
				"CODE_SIGN_IDENTITY[sdk=iphoneos*]" = "iPhone Developer";
				COPY_PHASE_STRIP = NO;
				DEBUG_INFORMATION_FORMAT = "dwarf-with-dsym";
				ENABLE_STRICT_OBJC_MSGSEND = YES;
				ENABLE_TESTABILITY = YES;
				GCC_C_LANGUAGE_STANDARD = gnu99;
				GCC_DYNAMIC_NO_PIC = NO;
				GCC_NO_COMMON_BLOCKS = YES;
				GCC_OPTIMIZATION_LEVEL = 0;
				GCC_PREPROCESSOR_DEFINITIONS = (
					"DEBUG=1",
					"$(inherited)",
				);
				GCC_SYMBOLS_PRIVATE_EXTERN = NO;
				GCC_WARN_64_TO_32_BIT_CONVERSION = YES;
				GCC_WARN_ABOUT_RETURN_TYPE = YES_ERROR;
				GCC_WARN_UNDECLARED_SELECTOR = YES;
				GCC_WARN_UNINITIALIZED_AUTOS = YES_AGGRESSIVE;
				GCC_WARN_UNUSED_FUNCTION = YES;
				GCC_WARN_UNUSED_VARIABLE = YES;
				IPHONEOS_DEPLOYMENT_TARGET = 8.4;
				MTL_ENABLE_DEBUG_INFO = YES;
				ONLY_ACTIVE_ARCH = YES;
				SDKROOT = iphoneos;
				SWIFT_OPTIMIZATION_LEVEL = "-Onone";
				TARGETED_DEVICE_FAMILY = "1,2";
			};
			name = Debug;
		};
		2DD0DAD01BA21B7E00775F8D /* Release */ = {
			isa = XCBuildConfiguration;
			buildSettings = {
				ALWAYS_SEARCH_USER_PATHS = NO;
				CLANG_CXX_LANGUAGE_STANDARD = "gnu++0x";
				CLANG_CXX_LIBRARY = "libc++";
				CLANG_ENABLE_MODULES = YES;
				CLANG_ENABLE_OBJC_ARC = YES;
				CLANG_WARN_BOOL_CONVERSION = YES;
				CLANG_WARN_CONSTANT_CONVERSION = YES;
				CLANG_WARN_DIRECT_OBJC_ISA_USAGE = YES_ERROR;
				CLANG_WARN_EMPTY_BODY = YES;
				CLANG_WARN_ENUM_CONVERSION = YES;
				CLANG_WARN_INT_CONVERSION = YES;
				CLANG_WARN_OBJC_ROOT_CLASS = YES_ERROR;
				CLANG_WARN_UNREACHABLE_CODE = YES;
				CLANG_WARN__DUPLICATE_METHOD_MATCH = YES;
				"CODE_SIGN_IDENTITY[sdk=iphoneos*]" = "iPhone Developer";
				COPY_PHASE_STRIP = NO;
				DEBUG_INFORMATION_FORMAT = "dwarf-with-dsym";
				ENABLE_NS_ASSERTIONS = NO;
				ENABLE_STRICT_OBJC_MSGSEND = YES;
				GCC_C_LANGUAGE_STANDARD = gnu99;
				GCC_NO_COMMON_BLOCKS = YES;
				GCC_WARN_64_TO_32_BIT_CONVERSION = YES;
				GCC_WARN_ABOUT_RETURN_TYPE = YES_ERROR;
				GCC_WARN_UNDECLARED_SELECTOR = YES;
				GCC_WARN_UNINITIALIZED_AUTOS = YES_AGGRESSIVE;
				GCC_WARN_UNUSED_FUNCTION = YES;
				GCC_WARN_UNUSED_VARIABLE = YES;
				IPHONEOS_DEPLOYMENT_TARGET = 8.4;
				MTL_ENABLE_DEBUG_INFO = NO;
				SDKROOT = iphoneos;
				TARGETED_DEVICE_FAMILY = "1,2";
				VALIDATE_PRODUCT = YES;
			};
			name = Release;
		};
		2DD0DAD21BA21B7E00775F8D /* Debug */ = {
			isa = XCBuildConfiguration;
			buildSettings = {
				ASSETCATALOG_COMPILER_APPICON_NAME = AppIcon;
				INFOPLIST_FILE = Snake/Info.plist;
				LD_RUNPATH_SEARCH_PATHS = "$(inherited) @executable_path/Frameworks";
				PRODUCT_BUNDLE_IDENTIFIER = "ramy.alzuhouri.$(PRODUCT_NAME:rfc1034identifier)";
				PRODUCT_NAME = "$(TARGET_NAME)";
			};
			name = Debug;
		};
		2DD0DAD31BA21B7E00775F8D /* Release */ = {
			isa = XCBuildConfiguration;
			buildSettings = {
				ASSETCATALOG_COMPILER_APPICON_NAME = AppIcon;
				INFOPLIST_FILE = Snake/Info.plist;
				LD_RUNPATH_SEARCH_PATHS = "$(inherited) @executable_path/Frameworks";
				PRODUCT_BUNDLE_IDENTIFIER = "ramy.alzuhouri.$(PRODUCT_NAME:rfc1034identifier)";
				PRODUCT_NAME = "$(TARGET_NAME)";
			};
			name = Release;
		};
		2DD0DAD51BA21B7E00775F8D /* Debug */ = {
			isa = XCBuildConfiguration;
			buildSettings = {
				BUNDLE_LOADER = "$(TEST_HOST)";
				FRAMEWORK_SEARCH_PATHS = (
					"$(SDKROOT)/Developer/Library/Frameworks",
					"$(inherited)",
				);
				GCC_PREPROCESSOR_DEFINITIONS = (
					"DEBUG=1",
					"$(inherited)",
				);
				INFOPLIST_FILE = SnakeTests/Info.plist;
				LD_RUNPATH_SEARCH_PATHS = "$(inherited) @executable_path/Frameworks @loader_path/Frameworks";
				PRODUCT_BUNDLE_IDENTIFIER = "ramy.alzuhouri.$(PRODUCT_NAME:rfc1034identifier)";
				PRODUCT_NAME = "$(TARGET_NAME)";
				TEST_HOST = "$(BUILT_PRODUCTS_DIR)/Snake.app/Snake";
			};
			name = Debug;
		};
		2DD0DAD61BA21B7E00775F8D /* Release */ = {
			isa = XCBuildConfiguration;
			buildSettings = {
				BUNDLE_LOADER = "$(TEST_HOST)";
				FRAMEWORK_SEARCH_PATHS = (
					"$(SDKROOT)/Developer/Library/Frameworks",
					"$(inherited)",
				);
				INFOPLIST_FILE = SnakeTests/Info.plist;
				LD_RUNPATH_SEARCH_PATHS = "$(inherited) @executable_path/Frameworks @loader_path/Frameworks";
				PRODUCT_BUNDLE_IDENTIFIER = "ramy.alzuhouri.$(PRODUCT_NAME:rfc1034identifier)";
				PRODUCT_NAME = "$(TARGET_NAME)";
				TEST_HOST = "$(BUILT_PRODUCTS_DIR)/Snake.app/Snake";
			};
			name = Release;
		};
/* End XCBuildConfiguration section */

/* Begin XCConfigurationList section */
		2DD0DAA91BA21B7E00775F8D /* Build configuration list for PBXProject "Snake" */ = {
			isa = XCConfigurationList;
			buildConfigurations = (
				2DD0DACF1BA21B7E00775F8D /* Debug */,
				2DD0DAD01BA21B7E00775F8D /* Release */,
			);
			defaultConfigurationIsVisible = 0;
			defaultConfigurationName = Release;
		};
		2DD0DAD11BA21B7E00775F8D /* Build configuration list for PBXNativeTarget "Snake" */ = {
			isa = XCConfigurationList;
			buildConfigurations = (
				2DD0DAD21BA21B7E00775F8D /* Debug */,
				2DD0DAD31BA21B7E00775F8D /* Release */,
			);
			defaultConfigurationIsVisible = 0;
			defaultConfigurationName = Release;
		};
		2DD0DAD41BA21B7E00775F8D /* Build configuration list for PBXNativeTarget "SnakeTests" */ = {
			isa = XCConfigurationList;
			buildConfigurations = (
				2DD0DAD51BA21B7E00775F8D /* Debug */,
				2DD0DAD61BA21B7E00775F8D /* Release */,
			);
			defaultConfigurationIsVisible = 0;
			defaultConfigurationName = Release;
		};
/* End XCConfigurationList section */
	};
	rootObject = 2DD0DAA61BA21B7E00775F8D /* Project object */;
}
